
Microsoft Visual Studio Solution File, Format Version 12.00
# Visual Studio Version 17
VisualStudioVersion = 17.6.33829.357
MinimumVisualStudioVersion = 10.0.40219.1
Project("{FAE04EC0-301F-11D3-BF4B-00C04F79EFBC}") = "The Pag", "The Pag\The Pag.csproj", "{A7D41EB4-7419-468A-8737-553BFFCA7735}"
EndProject
Global
	GlobalSection(SolutionConfigurationPlatforms) = preSolution
		Debug|Any CPU = Debug|Any CPU
		Release|Any CPU = Release|Any CPU
	EndGlobalSection
	GlobalSection(ProjectConfigurationPlatforms) = postSolution
		{A7D41EB4-7419-468A-8737-553BFFCA7735}.Debug|Any CPU.ActiveCfg = Debug|Any CPU
		{A7D41EB4-7419-468A-8737-553BFFCA7735}.Debug|Any CPU.Build.0 = Debug|Any CPU
		{A7D41EB4-7419-468A-8737-553BFFCA7735}.Release|Any CPU.ActiveCfg = Release|Any CPU
		{A7D41EB4-7419-468A-8737-553BFFCA7735}.Release|Any CPU.Build.0 = Release|Any CPU
	EndGlobalSection
	GlobalSection(SolutionProperties) = preSolution
		HideSolutionNode = FALSE
	EndGlobalSection
	GlobalSection(ExtensibilityGlobals) = postSolution
		SolutionGuid = {EEE9073A-DEE5-4D99-9B4D-24D1263E525D}
	EndGlobalSection
EndGlobal
